
Microsoft Visual Studio Solution File, Format Version 12.00
# Visual Studio Version 17
VisualStudioVersion = 17.3.32825.248
MinimumVisualStudioVersion = 10.0.40219.1
Project("{9A19103F-16F7-4668-BE54-9A1E7A4F7556}") = "WebServer", "WebServer\WebServer.csproj", "{FC941DBB-74A7-4371-B5DA-86944A5F8577}"
	ProjectSection(ProjectDependencies) = postProject
		{017075AB-199D-4E93-8E9B-C74BBD01E73D} = {017075AB-199D-4E93-8E9B-C74BBD01E73D}
	EndProjectSection
EndProject
Project("{9A19103F-16F7-4668-BE54-9A1E7A4F7556}") = "Shared", "Shared\Shared.csproj", "{017075AB-199D-4E93-8E9B-C74BBD01E73D}"
EndProject
Global
	GlobalSection(SolutionConfigurationPlatforms) = preSolution
		Debug|Any CPU = Debug|Any CPU
		Release|Any CPU = Release|Any CPU
	EndGlobalSection
	GlobalSection(ProjectConfigurationPlatforms) = postSolution
		{FC941DBB-74A7-4371-B5DA-86944A5F8577}.Debug|Any CPU.ActiveCfg = Debug|Any CPU
		{FC941DBB-74A7-4371-B5DA-86944A5F8577}.Debug|Any CPU.Build.0 = Debug|Any CPU
		{FC941DBB-74A7-4371-B5DA-86944A5F8577}.Release|Any CPU.ActiveCfg = Release|Any CPU
		{FC941DBB-74A7-4371-B5DA-86944A5F8577}.Release|Any CPU.Build.0 = Release|Any CPU
		{017075AB-199D-4E93-8E9B-C74BBD01E73D}.Debug|Any CPU.ActiveCfg = Debug|Any CPU
		{017075AB-199D-4E93-8E9B-C74BBD01E73D}.Debug|Any CPU.Build.0 = Debug|Any CPU
		{017075AB-199D-4E93-8E9B-C74BBD01E73D}.Release|Any CPU.ActiveCfg = Release|Any CPU
		{017075AB-199D-4E93-8E9B-C74BBD01E73D}.Release|Any CPU.Build.0 = Release|Any CPU
	EndGlobalSection
	GlobalSection(SolutionProperties) = preSolution
		HideSolutionNode = FALSE
	EndGlobalSection
	GlobalSection(ExtensibilityGlobals) = postSolution
		SolutionGuid = {81D20670-48C6-4DF0-8ABB-C204BA0C3063}
	EndGlobalSection
EndGlobal
